[[package]]
name = "core"
source = "path+from-root-15C6C198C250216E"

[[package]]
name = "nft_fixed_price_swap_predicate"
source = "member"
dependencies = ["std"]

[[package]]
name = "std"
source = "git+https://github.com/fuellabs/sway?rev#1c3183a42ffe9e3eef57ec3b02537c0f3e2b109f"
dependencies = ["core"]
